
Microsoft Visual Studio Solution File, Format Version 12.00
# Visual Studio 15
VisualStudioVersion = 15.0.28307.102
MinimumVisualStudioVersion = 10.0.40219.1
Project("{FAE04EC0-301F-11D3-BF4B-00C04F79EFBC}") = "QATest", "QATest\QATest.csproj", "{8C18109A-DE2C-4F83-9C35-70DA856F7427}"
EndProject
Global
	GlobalSection(SolutionConfigurationPlatforms) = preSolution
		Debug|Any CPU = Debug|Any CPU
		Release|Any CPU = Release|Any CPU
	EndGlobalSection
	GlobalSection(ProjectConfigurationPlatforms) = postSolution
		{8C18109A-DE2C-4F83-9C35-70DA856F7427}.Debug|Any CPU.ActiveCfg = Debug|Any CPU
		{8C18109A-DE2C-4F83-9C35-70DA856F7427}.Debug|Any CPU.Build.0 = Debug|Any CPU
		{8C18109A-DE2C-4F83-9C35-70DA856F7427}.Release|Any CPU.ActiveCfg = Release|Any CPU
		{8C18109A-DE2C-4F83-9C35-70DA856F7427}.Release|Any CPU.Build.0 = Release|Any CPU
	EndGlobalSection
	GlobalSection(SolutionProperties) = preSolution
		HideSolutionNode = FALSE
	EndGlobalSection
	GlobalSection(ExtensibilityGlobals) = postSolution
		SolutionGuid = {D0C60E1B-4C9D-43CD-A50D-93EB93125435}
	EndGlobalSection
EndGlobal
